
Microsoft Visual Studio Solution File, Format Version 12.00
# Visual Studio Version 17
VisualStudioVersion = 17.11.35219.272
MinimumVisualStudioVersion = 10.0.40219.1
Project("{FAE04EC0-301F-11D3-BF4B-00C04F79EFBC}") = "TaskManagerApi", "TaskManagerApi\TaskManagerApi.csproj", "{55AD6F41-08E7-42DA-A763-B04B872C6800}"
EndProject
Global
	GlobalSection(SolutionConfigurationPlatforms) = preSolution
		Debug|Any CPU = Debug|Any CPU
		Release|Any CPU = Release|Any CPU
	EndGlobalSection
	GlobalSection(ProjectConfigurationPlatforms) = postSolution
		{55AD6F41-08E7-42DA-A763-B04B872C6800}.Debug|Any CPU.ActiveCfg = Debug|Any CPU
		{55AD6F41-08E7-42DA-A763-B04B872C6800}.Debug|Any CPU.Build.0 = Debug|Any CPU
		{55AD6F41-08E7-42DA-A763-B04B872C6800}.Release|Any CPU.ActiveCfg = Release|Any CPU
		{55AD6F41-08E7-42DA-A763-B04B872C6800}.Release|Any CPU.Build.0 = Release|Any CPU
	EndGlobalSection
	GlobalSection(SolutionProperties) = preSolution
		HideSolutionNode = FALSE
	EndGlobalSection
	GlobalSection(ExtensibilityGlobals) = postSolution
		SolutionGuid = {20DDAF04-7C01-4B2F-9C94-B67B85C854AA}
	EndGlobalSection
EndGlobal
